
Microsoft Visual Studio Solution File, Format Version 12.00
# Visual Studio Version 17
VisualStudioVersion = 17.8.34330.188
MinimumVisualStudioVersion = 10.0.40219.1
Project("{FAE04EC0-301F-11D3-BF4B-00C04F79EFBC}") = "CubeCount2dWPF", "CubeCount2dWPF\CubeCount2dWPF.csproj", "{6F9E12C4-6CAB-40C1-BC10-0F99B673E6B7}"
EndProject
Global
	GlobalSection(SolutionConfigurationPlatforms) = preSolution
		Debug|Any CPU = Debug|Any CPU
		Release|Any CPU = Release|Any CPU
	EndGlobalSection
	GlobalSection(ProjectConfigurationPlatforms) = postSolution
		{6F9E12C4-6CAB-40C1-BC10-0F99B673E6B7}.Debug|Any CPU.ActiveCfg = Debug|Any CPU
		{6F9E12C4-6CAB-40C1-BC10-0F99B673E6B7}.Debug|Any CPU.Build.0 = Debug|Any CPU
		{6F9E12C4-6CAB-40C1-BC10-0F99B673E6B7}.Release|Any CPU.ActiveCfg = Release|Any CPU
		{6F9E12C4-6CAB-40C1-BC10-0F99B673E6B7}.Release|Any CPU.Build.0 = Release|Any CPU
	EndGlobalSection
	GlobalSection(SolutionProperties) = preSolution
		HideSolutionNode = FALSE
	EndGlobalSection
	GlobalSection(ExtensibilityGlobals) = postSolution
		SolutionGuid = {90BD6652-F522-410E-A1FB-13C672DB2D0B}
	EndGlobalSection
EndGlobal
